
Microsoft Visual Studio Solution File, Format Version 11.00
# Visual Studio 2010
Project("{8BC9CEB8-8B4A-11D0-8D11-00A0C91BC942}") = "test_compression", "test_compression.vcxproj", "{190EC72D-0DDE-48E9-A667-13CB5503EB93}"
EndProject
Global
	GlobalSection(SolutionConfigurationPlatforms) = preSolution
		Debug|Win32 = Debug|Win32
		Release|Win32 = Release|Win32
	EndGlobalSection
	GlobalSection(ProjectConfigurationPlatforms) = postSolution
		{190EC72D-0DDE-48E9-A667-13CB5503EB93}.Debug|Win32.ActiveCfg = Debug|Win32
		{190EC72D-0DDE-48E9-A667-13CB5503EB93}.Debug|Win32.Build.0 = Debug|Win32
		{190EC72D-0DDE-48E9-A667-13CB5503EB93}.Release|Win32.ActiveCfg = Release|Win32
		{190EC72D-0DDE-48E9-A667-13CB5503EB93}.Release|Win32.Build.0 = Release|Win32
	EndGlobalSection
	GlobalSection(SolutionProperties) = preSolution
		HideSolutionNode = FALSE
	EndGlobalSection
EndGlobal
